// !$*UTF8*$!
{
	archiveVersion = 1;
	classes = {
	};
	objectVersion = 46;
	objects = {

/* Begin PBXBuildFile section */
		8D67090B7E6294EAB6A5240C /* Pods_commspro.framework in Frameworks */ = {isa = PBXBuildFile; fileRef = D4F9468955016254DB83B55D /* Pods_commspro.framework */; };
		AF01EDC01DE89ADF0021582D /* AppDelegate.swift in Sources */ = {isa = PBXBuildFile; fileRef = AF01EDBF1DE89ADF0021582D /* AppDelegate.swift */; };
		AF01EDC21DE89ADF0021582D /* MasterViewController.swift in Sources */ = {isa = PBXBuildFile; fileRef = AF01EDC11DE89ADF0021582D /* MasterViewController.swift */; };
		AF01EDC71DE89ADF0021582D /* Main.storyboard in Resources */ = {isa = PBXBuildFile; fileRef = AF01EDC51DE89ADF0021582D /* Main.storyboard */; };
		AF01EDC91DE89ADF0021582D /* Assets.xcassets in Resources */ = {isa = PBXBuildFile; fileRef = AF01EDC81DE89ADF0021582D /* Assets.xcassets */; };
		AF01EDCC1DE89ADF0021582D /* LaunchScreen.storyboard in Resources */ = {isa = PBXBuildFile; fileRef = AF01EDCA1DE89ADF0021582D /* LaunchScreen.storyboard */; };
		AF01EDD41DE8A4170021582D /* AccountViewController.swift in Sources */ = {isa = PBXBuildFile; fileRef = AF01EDD31DE8A4170021582D /* AccountViewController.swift */; };
		AF30FDD61DE8ACAD00211256 /* HiddenViewController.swift in Sources */ = {isa = PBXBuildFile; fileRef = AF30FDD51DE8ACAD00211256 /* HiddenViewController.swift */; };
		AF30FDD81DE8ACB900211256 /* ChannelViewController.swift in Sources */ = {isa = PBXBuildFile; fileRef = AF30FDD71DE8ACB900211256 /* ChannelViewController.swift */; };
		AF30FDDA1DE8ACD300211256 /* SplashViewController.swift in Sources */ = {isa = PBXBuildFile; fileRef = AF30FDD91DE8ACD300211256 /* SplashViewController.swift */; };
		AF30FDE01DE8B70F00211256 /* CommsProStyleKit.pcvd in Resources */ = {isa = PBXBuildFile; fileRef = AF30FDDF1DE8B70F00211256 /* CommsProStyleKit.pcvd */; };
		AF30FDE21DE8B75F00211256 /* CommsProStyleKit.swift in Sources */ = {isa = PBXBuildFile; fileRef = AF30FDE11DE8B75F00211256 /* CommsProStyleKit.swift */; };
		AF30FDE41DE8BFE900211256 /* Podfile in Resources */ = {isa = PBXBuildFile; fileRef = AF30FDE31DE8BFE900211256 /* Podfile */; };
/* End PBXBuildFile section */

/* Begin PBXFileReference section */
		AF01EDBC1DE89ADE0021582D /* commspro.app */ = {isa = PBXFileReference; explicitFileType = wrapper.application; includeInIndex = 0; path = commspro.app; sourceTree = BUILT_PRODUCTS_DIR; };
		AF01EDBF1DE89ADF0021582D /* AppDelegate.swift */ = {isa = PBXFileReference; lastKnownFileType = sourcecode.swift; path = AppDelegate.swift; sourceTree = "<group>"; };
		AF01EDC11DE89ADF0021582D /* MasterViewController.swift */ = {isa = PBXFileReference; lastKnownFileType = sourcecode.swift; path = MasterViewController.swift; sourceTree = "<group>"; };
		AF01EDC61DE89ADF0021582D /* Base */ = {isa = PBXFileReference; lastKnownFileType = file.storyboard; name = Base; path = Base.lproj/Main.storyboard; sourceTree = "<group>"; };
		AF01EDC81DE89ADF0021582D /* Assets.xcassets */ = {isa = PBXFileReference; lastKnownFileType = folder.assetcatalog; path = Assets.xcassets; sourceTree = "<group>"; };
		AF01EDCB1DE89ADF0021582D /* Base */ = {isa = PBXFileReference; lastKnownFileType = file.storyboard; name = Base; path = Base.lproj/LaunchScreen.storyboard; sourceTree = "<group>"; };
		AF01EDCD1DE89ADF0021582D /* Info.plist */ = {isa = PBXFileReference; lastKnownFileType = text.plist.xml; path = Info.plist; sourceTree = "<group>"; };
		AF01EDD31DE8A4170021582D /* AccountViewController.swift */ = {isa = PBXFileReference; fileEncoding = 4; lastKnownFileType = sourcecode.swift; path = AccountViewController.swift; sourceTree = "<group>"; };
		AF30FDD51DE8ACAD00211256 /* HiddenViewController.swift */ = {isa = PBXFileReference; fileEncoding = 4; lastKnownFileType = sourcecode.swift; path = HiddenViewController.swift; sourceTree = "<group>"; };
		AF30FDD71DE8ACB900211256 /* ChannelViewController.swift */ = {isa = PBXFileReference; fileEncoding = 4; lastKnownFileType = sourcecode.swift; path = ChannelViewController.swift; sourceTree = "<group>"; };
		AF30FDD91DE8ACD300211256 /* SplashViewController.swift */ = {isa = PBXFileReference; fileEncoding = 4; lastKnownFileType = sourcecode.swift; path = SplashViewController.swift; sourceTree = "<group>"; };
		AF30FDDF1DE8B70F00211256 /* CommsProStyleKit.pcvd */ = {isa = PBXFileReference; lastKnownFileType = file.bplist; path = CommsProStyleKit.pcvd; sourceTree = "<group>"; };
		AF30FDE11DE8B75F00211256 /* CommsProStyleKit.swift */ = {isa = PBXFileReference; fileEncoding = 4; lastKnownFileType = sourcecode.swift; path = CommsProStyleKit.swift; sourceTree = "<group>"; };
		AF30FDE31DE8BFE900211256 /* Podfile */ = {isa = PBXFileReference; fileEncoding = 4; lastKnownFileType = text; name = Podfile; path = commspro/Podfile; sourceTree = "<group>"; };
		BF4E9B8C71253C4967E66DB6 /* Pods-commspro.release.xcconfig */ = {isa = PBXFileReference; includeInIndex = 1; lastKnownFileType = text.xcconfig; name = "Pods-commspro.release.xcconfig"; path = "Pods/Target Support Files/Pods-commspro/Pods-commspro.release.xcconfig"; sourceTree = "<group>"; };
		D4F9468955016254DB83B55D /* Pods_commspro.framework */ = {isa = PBXFileReference; explicitFileType = wrapper.framework; includeInIndex = 0; path = Pods_commspro.framework; sourceTree = BUILT_PRODUCTS_DIR; };
		D7D2FE18633D3B70FB0634A2 /* Pods-commspro.debug.xcconfig */ = {isa = PBXFileReference; includeInIndex = 1; lastKnownFileType = text.xcconfig; name = "Pods-commspro.debug.xcconfig"; path = "Pods/Target Support Files/Pods-commspro/Pods-commspro.debug.xcconfig"; sourceTree = "<group>"; };
/* End PBXFileReference section */

/* Begin PBXFrameworksBuildPhase section */
		AF01EDB91DE89ADE0021582D /* Frameworks */ = {
			isa = PBXFrameworksBuildPhase;
			buildActionMask = 2147483647;
			files = (
				8D67090B7E6294EAB6A5240C /* Pods_commspro.framework in Frameworks */,
			);
			runOnlyForDeploymentPostprocessing = 0;
		};
/* End PBXFrameworksBuildPhase section */

/* Begin PBXGroup section */
		8D7F34C430DC0D98241534EF /* Frameworks */ = {
			isa = PBXGroup;
			children = (
				D4F9468955016254DB83B55D /* Pods_commspro.framework */,
			);
			name = Frameworks;
			sourceTree = "<group>";
		};
		8F7F8FAD4BB2B0318C3A3CAB /* Pods */ = {
			isa = PBXGroup;
			children = (
				D7D2FE18633D3B70FB0634A2 /* Pods-commspro.debug.xcconfig */,
				BF4E9B8C71253C4967E66DB6 /* Pods-commspro.release.xcconfig */,
			);
			name = Pods;
			sourceTree = "<group>";
		};
		AF01EDB31DE89ADE0021582D = {
			isa = PBXGroup;
			children = (
				AF30FDE31DE8BFE900211256 /* Podfile */,
				AF01EDBE1DE89ADE0021582D /* commspro */,
				AF01EDBD1DE89ADE0021582D /* Products */,
				8F7F8FAD4BB2B0318C3A3CAB /* Pods */,
				8D7F34C430DC0D98241534EF /* Frameworks */,
			);
			sourceTree = "<group>";
		};
		AF01EDBD1DE89ADE0021582D /* Products */ = {
			isa = PBXGroup;
			children = (
				AF01EDBC1DE89ADE0021582D /* commspro.app */,
			);
			name = Products;
			sourceTree = "<group>";
		};
		AF01EDBE1DE89ADE0021582D /* commspro */ = {
			isa = PBXGroup;
			children = (
				AF01EDBF1DE89ADF0021582D /* AppDelegate.swift */,
				AF01EDC11DE89ADF0021582D /* MasterViewController.swift */,
				AF01EDD31DE8A4170021582D /* AccountViewController.swift */,
				AF30FDD51DE8ACAD00211256 /* HiddenViewController.swift */,
				AF30FDD71DE8ACB900211256 /* ChannelViewController.swift */,
				AF30FDD91DE8ACD300211256 /* SplashViewController.swift */,
				AF01EDC51DE89ADF0021582D /* Main.storyboard */,
				AF30FDDD1DE8B70F00211256 /* Assets */,
				AF01EDC81DE89ADF0021582D /* Assets.xcassets */,
				AF01EDCA1DE89ADF0021582D /* LaunchScreen.storyboard */,
				AF01EDCD1DE89ADF0021582D /* Info.plist */,
			);
			path = commspro;
			sourceTree = "<group>";
		};
		AF30FDDD1DE8B70F00211256 /* Assets */ = {
			isa = PBXGroup;
			children = (
				AF30FDDE1DE8B70F00211256 /* PaintCode */,
			);
			path = Assets;
			sourceTree = "<group>";
		};
		AF30FDDE1DE8B70F00211256 /* PaintCode */ = {
			isa = PBXGroup;
			children = (
				AF30FDDF1DE8B70F00211256 /* CommsProStyleKit.pcvd */,
				AF30FDE11DE8B75F00211256 /* CommsProStyleKit.swift */,
			);
			path = PaintCode;
			sourceTree = "<group>";
		};
/* End PBXGroup section */

/* Begin PBXNativeTarget section */
		AF01EDBB1DE89ADE0021582D /* commspro */ = {
			isa = PBXNativeTarget;
			buildConfigurationList = AF01EDD01DE89ADF0021582D /* Build configuration list for PBXNativeTarget "commspro" */;
			buildPhases = (
				B3238DB66EEC4620EB040417 /* [CP] Check Pods Manifest.lock */,
				AF01EDB81DE89ADE0021582D /* Sources */,
				AF01EDB91DE89ADE0021582D /* Frameworks */,
				AF01EDBA1DE89ADE0021582D /* Resources */,
				C8E5775E077561B1B1E7EB5C /* [CP] Embed Pods Frameworks */,
				7D3299BFBCFBACC6872C6248 /* [CP] Copy Pods Resources */,
			);
			buildRules = (
			);
			dependencies = (
			);
			name = commspro;
			productName = commspro;
			productReference = AF01EDBC1DE89ADE0021582D /* commspro.app */;
			productType = "com.apple.product-type.application";
		};
/* End PBXNativeTarget section */

/* Begin PBXProject section */
		AF01EDB41DE89ADE0021582D /* Project object */ = {
			isa = PBXProject;
			attributes = {
				LastSwiftUpdateCheck = 0810;
				LastUpgradeCheck = 0810;
				ORGANIZATIONNAME = "Anthony Picciano";
				TargetAttributes = {
					AF01EDBB1DE89ADE0021582D = {
						CreatedOnToolsVersion = 8.1;
						DevelopmentTeam = PC5SP4V242;
						ProvisioningStyle = Automatic;
					};
				};
			};
			buildConfigurationList = AF01EDB71DE89ADE0021582D /* Build configuration list for PBXProject "commspro" */;
			compatibilityVersion = "Xcode 3.2";
			developmentRegion = English;
			hasScannedForEncodings = 0;
			knownRegions = (
				en,
				Base,
			);
			mainGroup = AF01EDB31DE89ADE0021582D;
			productRefGroup = AF01EDBD1DE89ADE0021582D /* Products */;
			projectDirPath = "";
			projectRoot = "";
			targets = (
				AF01EDBB1DE89ADE0021582D /* commspro */,
			);
		};
/* End PBXProject section */

/* Begin PBXResourcesBuildPhase section */
		AF01EDBA1DE89ADE0021582D /* Resources */ = {
			isa = PBXResourcesBuildPhase;
			buildActionMask = 2147483647;
			files = (
				AF30FDE41DE8BFE900211256 /* Podfile in Resources */,
				AF01EDCC1DE89ADF0021582D /* LaunchScreen.storyboard in Resources */,
				AF30FDE01DE8B70F00211256 /* CommsProStyleKit.pcvd in Resources */,
				AF01EDC91DE89ADF0021582D /* Assets.xcassets in Resources */,
				AF01EDC71DE89ADF0021582D /* Main.storyboard in Resources */,
			);
			runOnlyForDeploymentPostprocessing = 0;
		};
/* End PBXResourcesBuildPhase section */

/* Begin PBXShellScriptBuildPhase section */
		7D3299BFBCFBACC6872C6248 /* [CP] Copy Pods Resources */ = {
			isa = PBXShellScriptBuildPhase;
			buildActionMask = 2147483647;
			files = (
			);
			inputPaths = (
			);
			name = "[CP] Copy Pods Resources";
			outputPaths = (
			);
			runOnlyForDeploymentPostprocessing = 0;
			shellPath = /bin/sh;
			shellScript = "\"${SRCROOT}/Pods/Target Support Files/Pods-commspro/Pods-commspro-resources.sh\"\n";
			showEnvVarsInLog = 0;
		};
		B3238DB66EEC4620EB040417 /* [CP] Check Pods Manifest.lock */ = {
			isa = PBXShellScriptBuildPhase;
			buildActionMask = 2147483647;
			files = (
			);
			inputPaths = (
			);
			name = "[CP] Check Pods Manifest.lock";
			outputPaths = (
			);
			runOnlyForDeploymentPostprocessing = 0;
			shellPath = /bin/sh;
			shellScript = "diff \"${PODS_ROOT}/../Podfile.lock\" \"${PODS_ROOT}/Manifest.lock\" > /dev/null\nif [[ $? != 0 ]] ; then\n    cat << EOM\nerror: The sandbox is not in sync with the Podfile.lock. Run 'pod install' or update your CocoaPods installation.\nEOM\n    exit 1\nfi\n";
			showEnvVarsInLog = 0;
		};
		C8E5775E077561B1B1E7EB5C /* [CP] Embed Pods Frameworks */ = {
			isa = PBXShellScriptBuildPhase;
			buildActionMask = 2147483647;
			files = (
			);
			inputPaths = (
			);
			name = "[CP] Embed Pods Frameworks";
			outputPaths = (
			);
			runOnlyForDeploymentPostprocessing = 0;
			shellPath = /bin/sh;
			shellScript = "\"${SRCROOT}/Pods/Target Support Files/Pods-commspro/Pods-commspro-frameworks.sh\"\n";
			showEnvVarsInLog = 0;
		};
/* End PBXShellScriptBuildPhase section */

/* Begin PBXSourcesBuildPhase section */
		AF01EDB81DE89ADE0021582D /* Sources */ = {
			isa = PBXSourcesBuildPhase;
			buildActionMask = 2147483647;
			files = (
				AF30FDD61DE8ACAD00211256 /* HiddenViewController.swift in Sources */,
				AF01EDC21DE89ADF0021582D /* MasterViewController.swift in Sources */,
				AF01EDD41DE8A4170021582D /* AccountViewController.swift in Sources */,
				AF30FDE21DE8B75F00211256 /* CommsProStyleKit.swift in Sources */,
				AF30FDD81DE8ACB900211256 /* ChannelViewController.swift in Sources */,
				AF30FDDA1DE8ACD300211256 /* SplashViewController.swift in Sources */,
				AF01EDC01DE89ADF0021582D /* AppDelegate.swift in Sources */,
			);
			runOnlyForDeploymentPostprocessing = 0;
		};
/* End PBXSourcesBuildPhase section */

/* Begin PBXVariantGroup section */
		AF01EDC51DE89ADF0021582D /* Main.storyboard */ = {
			isa = PBXVariantGroup;
			children = (
				AF01EDC61DE89ADF0021582D /* Base */,
			);
			name = Main.storyboard;
			sourceTree = "<group>";
		};
		AF01EDCA1DE89ADF0021582D /* LaunchScreen.storyboard */ = {
			isa = PBXVariantGroup;
			children = (
				AF01EDCB1DE89ADF0021582D /* Base */,
			);
			name = LaunchScreen.storyboard;
			sourceTree = "<group>";
		};
/* End PBXVariantGroup section */

/* Begin XCBuildConfiguration section */
		AF01EDCE1DE89ADF0021582D /* Debug */ = {
			isa = XCBuildConfiguration;
			buildSettings = {
				ALWAYS_SEARCH_USER_PATHS = NO;
				CLANG_ANALYZER_NONNULL = YES;
				CLANG_CXX_LANGUAGE_STANDARD = "gnu++0x";
				CLANG_CXX_LIBRARY = "libc++";
				CLANG_ENABLE_MODULES = YES;
				CLANG_ENABLE_OBJC_ARC = YES;
				CLANG_WARN_BOOL_CONVERSION = YES;
				CLANG_WARN_CONSTANT_CONVERSION = YES;
				CLANG_WARN_DIRECT_OBJC_ISA_USAGE = YES_ERROR;
				CLANG_WARN_DOCUMENTATION_COMMENTS = YES;
				CLANG_WARN_EMPTY_BODY = YES;
				CLANG_WARN_ENUM_CONVERSION = YES;
				CLANG_WARN_INFINITE_RECURSION = YES;
				CLANG_WARN_INT_CONVERSION = YES;
				CLANG_WARN_OBJC_ROOT_CLASS = YES_ERROR;
				CLANG_WARN_SUSPICIOUS_MOVES = YES;
				CLANG_WARN_UNREACHABLE_CODE = YES;
				CLANG_WARN__DUPLICATE_METHOD_MATCH = YES;
				"CODE_SIGN_IDENTITY[sdk=iphoneos*]" = "iPhone Developer";
				COPY_PHASE_STRIP = NO;
				DEBUG_INFORMATION_FORMAT = dwarf;
				ENABLE_STRICT_OBJC_MSGSEND = YES;
				ENABLE_TESTABILITY = YES;
				GCC_C_LANGUAGE_STANDARD = gnu99;
				GCC_DYNAMIC_NO_PIC = NO;
				GCC_NO_COMMON_BLOCKS = YES;
				GCC_OPTIMIZATION_LEVEL = 0;
				GCC_PREPROCESSOR_DEFINITIONS = (
					"DEBUG=1",
					"$(inherited)",
				);
				GCC_WARN_64_TO_32_BIT_CONVERSION = YES;
				GCC_WARN_ABOUT_RETURN_TYPE = YES_ERROR;
				GCC_WARN_UNDECLARED_SELECTOR = YES;
				GCC_WARN_UNINITIALIZED_AUTOS = YES_AGGRESSIVE;
				GCC_WARN_UNUSED_FUNCTION = YES;
				GCC_WARN_UNUSED_VARIABLE = YES;
				IPHONEOS_DEPLOYMENT_TARGET = 10.1;
				MTL_ENABLE_DEBUG_INFO = YES;
				ONLY_ACTIVE_ARCH = YES;
				SDKROOT = iphoneos;
				SWIFT_ACTIVE_COMPILATION_CONDITIONS = DEBUG;
				SWIFT_OPTIMIZATION_LEVEL = "-Onone";
				TARGETED_DEVICE_FAMILY = "1,2";
			};
			name = Debug;
		};
		AF01EDCF1DE89ADF0021582D /* Release */ = {
			isa = XCBuildConfiguration;
			buildSettings = {
				ALWAYS_SEARCH_USER_PATHS = NO;
				CLANG_ANALYZER_NONNULL = YES;
				CLANG_CXX_LANGUAGE_STANDARD = "gnu++0x";
				CLANG_CXX_LIBRARY = "libc++";
				CLANG_ENABLE_MODULES = YES;
				CLANG_ENABLE_OBJC_ARC = YES;
				CLANG_WARN_BOOL_CONVERSION = YES;
				CLANG_WARN_CONSTANT_CONVERSION = YES;
				CLANG_WARN_DIRECT_OBJC_ISA_USAGE = YES_ERROR;
				CLANG_WARN_DOCUMENTATION_COMMENTS = YES;
				CLANG_WARN_EMPTY_BODY = YES;
				CLANG_WARN_ENUM_CONVERSION = YES;
				CLANG_WARN_INFINITE_RECURSION = YES;
				CLANG_WARN_INT_CONVERSION = YES;
				CLANG_WARN_OBJC_ROOT_CLASS = YES_ERROR;
				CLANG_WARN_SUSPICIOUS_MOVES = YES;
				CLANG_WARN_UNREACHABLE_CODE = YES;
				CLANG_WARN__DUPLICATE_METHOD_MATCH = YES;
				"CODE_SIGN_IDENTITY[sdk=iphoneos*]" = "iPhone Developer";
				COPY_PHASE_STRIP = NO;
				DEBUG_INFORMATION_FORMAT = "dwarf-with-dsym";
				ENABLE_NS_ASSERTIONS = NO;
				ENABLE_STRICT_OBJC_MSGSEND = YES;
				GCC_C_LANGUAGE_STANDARD = gnu99;
				GCC_NO_COMMON_BLOCKS = YES;
				GCC_WARN_64_TO_32_BIT_CONVERSION = YES;
				GCC_WARN_ABOUT_RETURN_TYPE = YES_ERROR;
				GCC_WARN_UNDECLARED_SELECTOR = YES;
				GCC_WARN_UNINITIALIZED_AUTOS = YES_AGGRESSIVE;
				GCC_WARN_UNUSED_FUNCTION = YES;
				GCC_WARN_UNUSED_VARIABLE = YES;
				IPHONEOS_DEPLOYMENT_TARGET = 10.1;
				MTL_ENABLE_DEBUG_INFO = NO;
				SDKROOT = iphoneos;
				SWIFT_OPTIMIZATION_LEVEL = "-Owholemodule";
				TARGETED_DEVICE_FAMILY = "1,2";
				VALIDATE_PRODUCT = YES;
			};
			name = Release;
		};
		AF01EDD11DE89ADF0021582D /* Debug */ = {
			isa = XCBuildConfiguration;
			baseConfigurationReference = D7D2FE18633D3B70FB0634A2 /* Pods-commspro.debug.xcconfig */;
			buildSettings = {
				ASSETCATALOG_COMPILER_APPICON_NAME = AppIcon;
				DEVELOPMENT_TEAM = PC5SP4V242;
				INFOPLIST_FILE = commspro/Info.plist;
				LD_RUNPATH_SEARCH_PATHS = "$(inherited) @executable_path/Frameworks";
				PRODUCT_BUNDLE_IDENTIFIER = com.picciano.commspro;
				PRODUCT_NAME = "$(TARGET_NAME)";
				SWIFT_VERSION = 3.0;
			};
			name = Debug;
		};
		AF01EDD21DE89ADF0021582D /* Release */ = {
			isa = XCBuildConfiguration;
			baseConfigurationReference = BF4E9B8C71253C4967E66DB6 /* Pods-commspro.release.xcconfig */;
			buildSettings = {
				ASSETCATALOG_COMPILER_APPICON_NAME = AppIcon;
				DEVELOPMENT_TEAM = PC5SP4V242;
				INFOPLIST_FILE = commspro/Info.plist;
				LD_RUNPATH_SEARCH_PATHS = "$(inherited) @executable_path/Frameworks";
				PRODUCT_BUNDLE_IDENTIFIER = com.picciano.commspro;
				PRODUCT_NAME = "$(TARGET_NAME)";
				SWIFT_VERSION = 3.0;
			};
			name = Release;
		};
/* End XCBuildConfiguration section */

/* Begin XCConfigurationList section */
		AF01EDB71DE89ADE0021582D /* Build configuration list for PBXProject "commspro" */ = {
			isa = XCConfigurationList;
			buildConfigurations = (
				AF01EDCE1DE89ADF0021582D /* Debug */,
				AF01EDCF1DE89ADF0021582D /* Release */,
			);
			defaultConfigurationIsVisible = 0;
			defaultConfigurationName = Release;
		};
		AF01EDD01DE89ADF0021582D /* Build configuration list for PBXNativeTarget "commspro" */ = {
			isa = XCConfigurationList;
			buildConfigurations = (
				AF01EDD11DE89ADF0021582D /* Debug */,
				AF01EDD21DE89ADF0021582D /* Release */,
			);
			defaultConfigurationIsVisible = 0;
			defaultConfigurationName = Release;
		};
/* End XCConfigurationList section */
	};
	rootObject = AF01EDB41DE89ADE0021582D /* Project object */;
}
